# AUTO GENERATED FROM environment.py-3.6.yml, DO NOT MANUALLY MODIFY
# Frozen on 2022-12-31 01:18:08 UTC
# Generated by conda-lock.
# platform: linux-64
# input_hash: 72109b9f4cdc2f1fc2466561b0128d525c5f3e35ed9f445145effe4f3f3d1d41
@EXPLICIT
https://conda.anaconda.org/conda-forge/linux-64/_libgcc_mutex-0.1-conda_forge.tar.bz2#d7c89558ba9fa0495403155b64376d81
https://conda.anaconda.org/conda-forge/linux-64/ca-certificates-2022.12.7-ha878542_0.conda#ff9f73d45c4a07d6f424495288a26080
https://conda.anaconda.org/conda-forge/linux-64/ld_impl_linux-64-2.39-hcc3a1bd_1.conda#737be0d34c22d24432049ab7a3214de4
https://conda.anaconda.org/conda-forge/linux-64/libstdcxx-ng-12.2.0-h46fd767_19.tar.bz2#1030b1f38c129f2634eae026f704fe60
https://conda.anaconda.org/conda-forge/linux-64/libgomp-12.2.0-h65d4601_19.tar.bz2#cedcee7c064c01c403f962c9e8d3c373
https://conda.anaconda.org/conda-forge/linux-64/_openmp_mutex-4.5-2_gnu.tar.bz2#73aaf86a425cc6e73fcf236a5a46396d
https://conda.anaconda.org/conda-forge/linux-64/libgcc-ng-12.2.0-h65d4601_19.tar.bz2#e4c94f80aef025c17ab0828cd85ef535
https://conda.anaconda.org/conda-forge/linux-64/c-ares-1.18.1-h7f98852_0.tar.bz2#f26ef8098fab1f719c91eb760d63381a
https://conda.anaconda.org/conda-forge/linux-64/icu-68.2-h9c3ff4c_0.tar.bz2#6618c9b191638993f2a818c6529e1b49
https://conda.anaconda.org/conda-forge/linux-64/keyutils-1.6.1-h166bdaf_0.tar.bz2#30186d27e2c9fa62b45fb1476b7200e3
https://conda.anaconda.org/conda-forge/linux-64/libev-4.33-h516909a_1.tar.bz2#6f8720dff19e17ce5d48cfe7f3d2f0a3
https://conda.anaconda.org/conda-forge/linux-64/libffi-3.4.2-h7f98852_5.tar.bz2#d645c6d2ac96843a2bfaccd2d62b3ac3
https://conda.anaconda.org/conda-forge/linux-64/libnsl-2.0.0-h7f98852_0.tar.bz2#39b1328babf85c7c3a61636d9cd50206
https://conda.anaconda.org/conda-forge/linux-64/libsodium-1.0.18-h36c2ea0_1.tar.bz2#c3788462a6fbddafdb413a9f9053e58d
https://conda.anaconda.org/conda-forge/linux-64/libuv-1.41.1-h7f98852_0.tar.bz2#a55f9ce31b8b453ef7b646737182dd6c
https://conda.anaconda.org/conda-forge/linux-64/libzlib-1.2.13-h166bdaf_4.tar.bz2#f3f9de449d32ca9b9c66a22863c96f41
https://conda.anaconda.org/conda-forge/linux-64/ncurses-6.3-h27087fc_1.tar.bz2#4acfc691e64342b9dae57cf2adc63238
https://conda.anaconda.org/conda-forge/linux-64/openssl-1.1.1s-h0b41bf4_1.conda#c5405eccf20334e57a80c1c3a9e68266
https://conda.anaconda.org/conda-forge/linux-64/xz-5.2.6-h166bdaf_0.tar.bz2#2161070d867d1b1204ea749c8eec4ef0
https://conda.anaconda.org/conda-forge/linux-64/libedit-3.1.20191231-he28a2e2_2.tar.bz2#4d331e44109e3f0e19b4cb8f9b82f3e1
https://conda.anaconda.org/conda-forge/linux-64/libnghttp2-1.47.0-hdcd2b5c_1.tar.bz2#6fe9e31c2b8d0b022626ccac13e6ca3c
https://conda.anaconda.org/conda-forge/linux-64/libsqlite-3.40.0-h753d276_0.tar.bz2#2e5f9a37d487e1019fd4d8113adb2f9f
https://conda.anaconda.org/conda-forge/linux-64/libssh2-1.10.0-haa6b8db_3.tar.bz2#89acee135f0809a18a1f4537390aa2dd
https://conda.anaconda.org/conda-forge/linux-64/pandoc-2.19.2-h32600fe_1.tar.bz2#35a82883468c85ac8bf41f083c1933cf
https://conda.anaconda.org/conda-forge/linux-64/readline-8.1.2-h0f457ee_0.tar.bz2#db2ebbe2943aae81ed051a6a9af8e0fa
https://conda.anaconda.org/conda-forge/linux-64/tk-8.6.12-h27826a3_0.tar.bz2#5b8c42eb62e9fc961af70bdd6a26e168
https://conda.anaconda.org/conda-forge/linux-64/zeromq-4.3.4-h9c3ff4c_1.tar.bz2#21743a8d2ea0c8cfbbf8fe489b0347df
https://conda.anaconda.org/conda-forge/linux-64/zlib-1.2.13-h166bdaf_4.tar.bz2#4b11e365c0275b808be78b30f904e295
https://conda.anaconda.org/conda-forge/linux-64/krb5-1.20.1-hf9c8cef_0.conda#5f7e9efd540d7ac4b485660231ba6150
https://conda.anaconda.org/conda-forge/linux-64/nodejs-15.14.0-h92b4a50_0.tar.bz2#7776523c882ac0439ab12a7496f14c04
https://conda.anaconda.org/conda-forge/linux-64/sqlite-3.40.0-h4ff8645_0.tar.bz2#bb11803129cbbb53ed56f9506ff74145
https://conda.anaconda.org/conda-forge/linux-64/libcurl-7.87.0-h6312ad2_0.conda#ad07f06bd133e76e12165bc3ec2c8646
https://conda.anaconda.org/conda-forge/linux-64/python-3.6.15-hb7a2778_0_cpython.tar.bz2#2263dbd2d8116aa8dd974602faabb1a2
https://conda.anaconda.org/conda-forge/noarch/async_generator-1.10-py_0.tar.bz2#d56c596e61b1c4952acf0a9920856c12
https://conda.anaconda.org/conda-forge/noarch/attrs-22.2.0-pyh71513ae_0.conda#8b76db7818a4e401ed4486c4c1635cd9
https://conda.anaconda.org/conda-forge/noarch/backcall-0.2.0-pyh9f0ad1d_0.tar.bz2#6006a6d08a3fa99268a2681c7fb55213
https://conda.anaconda.org/conda-forge/noarch/backports-1.0-pyhd8ed1ab_3.conda#54ca2e08b3220c148a1d8329c2678e02
https://conda.anaconda.org/conda-forge/noarch/blinker-1.5-pyhd8ed1ab_0.tar.bz2#f473c4e32d8180733ba5594d122cb637
https://conda.anaconda.org/conda-forge/noarch/charset-normalizer-2.1.1-pyhd8ed1ab_0.tar.bz2#c1d5b294fbf9a795dec349a6f4d8be8e
https://conda.anaconda.org/conda-forge/noarch/dataclasses-0.8-pyh787bdff_2.tar.bz2#ed959a4ba14e6ddfa898630a5474a601
https://conda.anaconda.org/conda-forge/noarch/decorator-5.1.1-pyhd8ed1ab_0.tar.bz2#43afe5ab04e35e17ba28649471dd7364
https://conda.anaconda.org/conda-forge/noarch/defusedxml-0.7.1-pyhd8ed1ab_0.tar.bz2#961b3a227b437d82ad7054484cfa71b2
https://conda.anaconda.org/conda-forge/noarch/entrypoints-0.4-pyhd8ed1ab_0.tar.bz2#3cf04868fee0a029769bd41f4b2fbf2d
https://conda.anaconda.org/conda-forge/noarch/idna-3.4-pyhd8ed1ab_0.tar.bz2#34272b248891bddccc64479f9a7fffed
https://conda.anaconda.org/conda-forge/noarch/ipython_genutils-0.2.0-py_1.tar.bz2#5071c982548b3a20caf70462f04f5287
https://conda.anaconda.org/conda-forge/noarch/json5-0.9.5-pyh9f0ad1d_0.tar.bz2#10759827a94e6b14996e81fb002c0bda
https://conda.anaconda.org/conda-forge/noarch/jupyterlab_widgets-1.1.1-pyhd8ed1ab_0.tar.bz2#9e79315db0f0742b9a2215e122ef8fc9
https://conda.anaconda.org/conda-forge/noarch/nest-asyncio-1.5.6-pyhd8ed1ab_0.tar.bz2#7b868f21adde0d9b8b38f9c16836589b
https://conda.anaconda.org/conda-forge/noarch/pamela-1.0.0-py_0.tar.bz2#36f6f18d2f3ae0c93d77a9dbedad08c3
https://conda.anaconda.org/conda-forge/noarch/pandocfilters-1.5.0-pyhd8ed1ab_0.tar.bz2#457c2c8c08e54905d6954e79cb5b5db9
https://conda.anaconda.org/conda-forge/noarch/parso-0.7.1-pyh9f0ad1d_0.tar.bz2#f66647d1ec805566d72ac26f62b19c01
https://conda.anaconda.org/conda-forge/noarch/pickleshare-0.7.5-py_1003.tar.bz2#415f0ebb6198cc2801c73438a9fb5761
https://conda.anaconda.org/conda-forge/noarch/prometheus_client-0.15.0-pyhd8ed1ab_0.tar.bz2#b260ed41427dbbe70537b3030c643b2e
https://conda.anaconda.org/conda-forge/noarch/ptyprocess-0.7.0-pyhd3deb0d_0.tar.bz2#359eeb6536da0e687af562ed265ec263
https://conda.anaconda.org/conda-forge/noarch/pycparser-2.21-pyhd8ed1ab_0.tar.bz2#076becd9e05608f8dc72757d5f3a91ff
https://conda.anaconda.org/conda-forge/noarch/pyjwt-2.6.0-pyhd8ed1ab_0.tar.bz2#56d08bbebf5b3719ca2b1688fcfd98a4
https://conda.anaconda.org/conda-forge/noarch/pyparsing-3.0.9-pyhd8ed1ab_0.tar.bz2#e8fbc1b54b25f4b08281467bc13b70cc
https://conda.anaconda.org/conda-forge/noarch/python-json-logger-2.0.4-pyhd8ed1ab_0.conda#6d1f4215f123c18aed06fb4104bcb11a
https://conda.anaconda.org/conda-forge/linux-64/python_abi-3.6-2_cp36m.tar.bz2#6f5b92d833a339da29ad8578c2a648ad
https://conda.anaconda.org/conda-forge/noarch/pytz-2022.7-pyhd8ed1ab_0.conda#c8d7e34ca76d6ecc03b84bedfd99d689
https://conda.anaconda.org/conda-forge/noarch/send2trash-1.8.0-pyhd8ed1ab_0.tar.bz2#edab14119efe85c3bf131ad747e9005c
https://conda.anaconda.org/conda-forge/noarch/six-1.16.0-pyh6c4a22f_0.tar.bz2#e5f25f8dbc060e9a8d912e432202afc2
https://conda.anaconda.org/conda-forge/noarch/testpath-0.6.0-pyhd8ed1ab_0.tar.bz2#196b1f0165dbc9ea6f03c3b3419323fd
https://conda.anaconda.org/conda-forge/noarch/typing_extensions-4.1.1-pyha770c72_0.tar.bz2#74761ba7bc682e9009520163a1031ace
https://conda.anaconda.org/conda-forge/noarch/webencodings-0.5.1-py_1.tar.bz2#3563be4c5611a44210d9ba0c16113136
https://conda.anaconda.org/conda-forge/noarch/websocket-client-1.3.1-pyhd8ed1ab_0.tar.bz2#0fa7710a18a1fa033b8337f6515c9de1
https://conda.anaconda.org/conda-forge/noarch/wheel-0.37.1-pyhd8ed1ab_0.tar.bz2#1ca02aaf78d9c70d9a81a3bed5752022
https://conda.anaconda.org/conda-forge/noarch/zipp-3.6.0-pyhd8ed1ab_0.tar.bz2#855e2c4622f5eb50a4f6f7167b9ba17a
https://conda.anaconda.org/conda-forge/noarch/babel-2.11.0-pyhd8ed1ab_0.tar.bz2#2ea70fde8d581ba9425a761609eed6ba
https://conda.anaconda.org/conda-forge/linux-64/certifi-2021.5.30-py36h5fab9bb_0.tar.bz2#500e3fb737f9d2023755f78f1f22ca69
https://conda.anaconda.org/conda-forge/linux-64/cffi-1.14.6-py36hd8eec40_1.tar.bz2#2e025dd15559c9882880f005e6c02018
https://conda.anaconda.org/conda-forge/linux-64/greenlet-1.1.1-py36hc4f0c31_0.tar.bz2#e0509bd49a3747b0442ecabae4a0df1b
https://conda.anaconda.org/conda-forge/linux-64/importlib-metadata-4.8.1-py36h5fab9bb_0.tar.bz2#ec50a4f999b407d69b3a433c1405f0ba
https://conda.anaconda.org/conda-forge/noarch/importlib_resources-5.4.0-pyhd8ed1ab_0.tar.bz2#9fb134dbabe7851a9d71411064b2c30d
https://conda.anaconda.org/conda-forge/linux-64/jedi-0.17.2-py36h5fab9bb_1.tar.bz2#e761c2377eafa1268eda3dd192cb06cb
https://conda.anaconda.org/conda-forge/linux-64/markupsafe-2.0.1-py36h8f6f2f9_0.tar.bz2#e450eb239eb68d0467b1c6d0fef28ae9
https://conda.anaconda.org/conda-forge/linux-64/mistune-0.8.4-py36h8f6f2f9_1004.tar.bz2#a53a196c30fc83ee9f0a84711b8fa681
https://conda.anaconda.org/conda-forge/noarch/packaging-21.3-pyhd8ed1ab_0.tar.bz2#71f1ab2de48613876becddd496371c85
https://conda.anaconda.org/conda-forge/noarch/pexpect-4.8.0-pyh1a96a4e_2.tar.bz2#330448ce4403cc74990ac07c555942a1
https://conda.anaconda.org/conda-forge/linux-64/psutil-5.8.0-py36h8f6f2f9_1.tar.bz2#ccecd9206d61f029549a81a980174ed8
https://conda.anaconda.org/conda-forge/linux-64/pycurl-7.44.1-py36h66a4f8d_0.tar.bz2#ab0c8b5ebc4924b67d1ee2b1444abf0b
https://conda.anaconda.org/conda-forge/linux-64/pyrsistent-0.17.3-py36h8f6f2f9_2.tar.bz2#26db670368942d4a144cad213448496a
https://conda.anaconda.org/conda-forge/linux-64/pysocks-1.7.1-py36h5fab9bb_3.tar.bz2#4dfb9be0b2975bc7933f32c6db7af205
https://conda.anaconda.org/conda-forge/noarch/python-dateutil-2.8.2-pyhd8ed1ab_0.tar.bz2#dd999d1cc9f79e67dbb855c8924c7984
https://conda.anaconda.org/conda-forge/linux-64/pyzmq-22.3.0-py36h7068817_0.tar.bz2#6bd5499ce1e61fde19e5ce8206569303
https://conda.anaconda.org/conda-forge/linux-64/ruamel.yaml.clib-0.2.2-py36h8f6f2f9_2.tar.bz2#20b17ae368cb09dd5609203ad3eaf122
https://conda.anaconda.org/conda-forge/linux-64/setuptools-58.0.4-py36h5fab9bb_2.tar.bz2#d584b24af029d1fc78b6a0d2cc294d40
https://conda.anaconda.org/conda-forge/linux-64/tornado-6.1-py36h8f6f2f9_1.tar.bz2#3d19680e14cb7cf6f383ba1fd3a72f2c
https://conda.anaconda.org/conda-forge/noarch/traitlets-4.3.3-pyhd8ed1ab_2.tar.bz2#dacad0ee02418407a5991b0b62dfdc18
https://conda.anaconda.org/conda-forge/noarch/typing-extensions-4.1.1-hd8ed1ab_0.tar.bz2#9d1b5bbaa13bca480c80893a87a52c4f
https://conda.anaconda.org/conda-forge/linux-64/argon2-cffi-21.1.0-py36h8f6f2f9_0.tar.bz2#c7ff3bb6bfd8cb82aefb8d960c439743
https://conda.anaconda.org/conda-forge/noarch/backports.functools_lru_cache-1.6.4-pyhd8ed1ab_0.tar.bz2#c5b3edc62d6309088f4970b3eaaa65a6
https://conda.anaconda.org/conda-forge/noarch/bleach-5.0.1-pyhd8ed1ab_0.tar.bz2#1f5151d37e4a2b1137f81c89a3a769f2
https://conda.anaconda.org/conda-forge/linux-64/brotlipy-0.7.0-py36h8f6f2f9_1001.tar.bz2#0f244e9624403e17430e9d959530b01c
https://conda.anaconda.org/conda-forge/linux-64/cryptography-35.0.0-py36hb60f036_0.tar.bz2#d7533bed1783b4abef7e598cee93347d
https://conda.anaconda.org/conda-forge/linux-64/immutables-0.16-py36h8f6f2f9_0.tar.bz2#e9abd4b9cee6d7dd062ca2b5f4e4c9f3
https://conda.anaconda.org/conda-forge/noarch/jinja2-3.0.3-pyhd8ed1ab_0.tar.bz2#036d872c653780cb26e797e2e2f61b4c
https://conda.anaconda.org/conda-forge/noarch/jsonschema-4.1.2-pyhd8ed1ab_0.tar.bz2#94188756716d63117f09d546a30d43e7
https://conda.anaconda.org/conda-forge/linux-64/jupyter_core-4.8.1-py36h5fab9bb_0.tar.bz2#a6fa892e9d37e4e299b426c8fdb6f1d6
https://conda.anaconda.org/conda-forge/noarch/mako-1.2.4-pyhd8ed1ab_0.tar.bz2#0d072f0edc017b6318dbab701e053f94
https://conda.anaconda.org/conda-forge/noarch/pip-21.3.1-pyhd8ed1ab_0.tar.bz2#e4fe2a9af78ff11f1aced7e62128c6a8
https://conda.anaconda.org/conda-forge/noarch/pygments-2.13.0-pyhd8ed1ab_0.tar.bz2#9f478e8eedd301008b5f395bad0caaed
https://conda.anaconda.org/conda-forge/linux-64/ruamel.yaml-0.17.16-py36h8f6f2f9_0.tar.bz2#602e4a91b1df8519343e4a317a75fd5a
https://conda.anaconda.org/conda-forge/linux-64/sqlalchemy-1.4.25-py36h8f6f2f9_0.tar.bz2#fbe3f8667087f9c6dc0011df8c39f76b
https://conda.anaconda.org/conda-forge/linux-64/terminado-0.12.1-py36h5fab9bb_0.tar.bz2#292f1173e1c1b446dc5969444f619108
https://conda.anaconda.org/conda-forge/noarch/alembic-1.8.1-pyhd8ed1ab_0.tar.bz2#bdde76f5d65a9374d07aa3dfa27571e0
https://conda.anaconda.org/conda-forge/noarch/contextvars-2.4-py_0.tar.bz2#295fe9300971a6bd1dc4b18ad6509be2
https://conda.anaconda.org/conda-forge/noarch/jupyter_client-7.1.2-pyhd8ed1ab_0.tar.bz2#9a332b6f8f05629435ce59032df8cfa9
https://conda.anaconda.org/conda-forge/noarch/jupyter_telemetry-0.1.0-pyhd8ed1ab_1.tar.bz2#bb9ebdb6d5aa2622484aff1faceee181
https://conda.anaconda.org/conda-forge/noarch/jupyterlab_pygments-0.1.2-pyh9f0ad1d_0.tar.bz2#2cbd910890bb328e8959246a1e16fac7
https://conda.anaconda.org/conda-forge/noarch/nbformat-5.1.3-pyhd8ed1ab_0.tar.bz2#bafa5df6d4f8db69a4d197b4657127e7
https://conda.anaconda.org/conda-forge/noarch/oauthlib-3.2.2-pyhd8ed1ab_0.tar.bz2#8f882b197fd9c4941a787926baea4868
https://conda.anaconda.org/conda-forge/noarch/pyopenssl-22.0.0-pyhd8ed1ab_1.tar.bz2#2e7e3630919d29c8216bfa2cd643d79e
https://conda.anaconda.org/conda-forge/noarch/wcwidth-0.2.5-pyh9f0ad1d_2.tar.bz2#5266fcd697043c59621fda522b3d78ee
https://conda.anaconda.org/conda-forge/noarch/certipy-0.1.3-py_0.tar.bz2#23486713ef5712923e7c57cae609b22e
https://conda.anaconda.org/conda-forge/noarch/nbclient-0.5.9-pyhd8ed1ab_0.tar.bz2#21554dd9bbabff27ae87f715fee4d56c
https://conda.anaconda.org/conda-forge/noarch/prompt-toolkit-3.0.36-pyha770c72_0.conda#4d79ec192e0bfd530a254006d123b9a6
https://conda.anaconda.org/conda-forge/linux-64/sniffio-1.2.0-py36h5fab9bb_1.tar.bz2#43c550017bd3ffea3cbc9669617b71eb
https://conda.anaconda.org/conda-forge/noarch/urllib3-1.26.13-pyhd8ed1ab_0.conda#3078ef2359efd6ecadbc7e085c5e0592
https://conda.anaconda.org/conda-forge/linux-64/anyio-3.3.2-py36h5fab9bb_0.tar.bz2#68e1135e2c76b473fc08831ba4b940c0
https://conda.anaconda.org/conda-forge/linux-64/ipython-7.16.1-py36he448a4c_2.tar.bz2#ac605247c1149f7b275a4bcf9fa0de41
https://conda.anaconda.org/conda-forge/linux-64/nbconvert-6.0.7-py36h5fab9bb_3.tar.bz2#30f571d5b9a389f49b1d54a0e38871bc
https://conda.anaconda.org/conda-forge/noarch/requests-2.28.1-pyhd8ed1ab_0.tar.bz2#70d6e72856de9551f83ae0f2de689a7a
https://conda.anaconda.org/conda-forge/linux-64/ipykernel-5.5.5-py36hcb3619a_0.tar.bz2#595507013916992bbd551005bfa96bbf
https://conda.anaconda.org/conda-forge/noarch/jupyter_server-1.13.2-pyhd8ed1ab_0.tar.bz2#b6771ff740526a8a04853fda74dc03f3
https://conda.anaconda.org/conda-forge/linux-64/jupyterhub-base-1.4.2-py36h5fab9bb_0.tar.bz2#01e91ea234e632cf4ee3284a338a679d
https://conda.anaconda.org/conda-forge/noarch/jupyter-resource-usage-0.6.3-pyhd8ed1ab_0.tar.bz2#9d26ebd67e0e22aba13ac8a490d88d9e
https://conda.anaconda.org/conda-forge/noarch/jupyterlab_server-2.10.3-pyhd8ed1ab_0.tar.bz2#65d62a616bed5237b85b9e2a88378ec0
https://conda.anaconda.org/conda-forge/linux-64/notebook-6.3.0-py36h5fab9bb_0.tar.bz2#4b075f38968b16bb1be4d17d90cf7e38
https://conda.anaconda.org/conda-forge/noarch/jupyter-offlinenotebook-0.2.2-pyh1d7be83_0.tar.bz2#fe55056ce4bc4bd4953ba440270735fb
https://conda.anaconda.org/conda-forge/linux-64/jupyterhub-singleuser-1.4.2-py36h5fab9bb_0.tar.bz2#647d5e58896dda8405b124e4606a5314
https://conda.anaconda.org/conda-forge/noarch/nbclassic-0.3.5-pyhd8ed1ab_0.tar.bz2#e9e2281b7dc08d876fc789af0f571ade
https://conda.anaconda.org/conda-forge/noarch/nteract_on_jupyter-2.1.3-py_0.tar.bz2#1430ccd983ae6b161e2fbf4377965f7a
https://conda.anaconda.org/conda-forge/noarch/widgetsnbextension-3.6.1-pyha770c72_0.tar.bz2#03cd073d4dc0623b857bf9e175d0f736
https://conda.anaconda.org/conda-forge/noarch/ipywidgets-7.7.2-pyhd8ed1ab_0.tar.bz2#cf7965a899292d3f5e253603eb92fada
https://conda.anaconda.org/conda-forge/noarch/jupyterlab-3.3.4-pyhd8ed1ab_0.tar.bz2#bb59182858cf3e548c2811183afd071c
