# AUTO GENERATED FROM environment.py-3.8.yml, DO NOT MANUALLY MODIFY
# Frozen on 2022-01-26 22:54:38 UTC
# Generated by conda-lock.
# platform: linux-aarch64
# input_hash: ed482d2e9c589009bfed390bb862b863d05ee8f5b821d0f4462401193097f00c
@EXPLICIT
https://conda.anaconda.org/conda-forge/linux-aarch64/ca-certificates-2021.10.8-h4fd8a4c_0.tar.bz2#ad855209fcca3b45da677d409b16e021
https://conda.anaconda.org/conda-forge/linux-aarch64/ld_impl_linux-aarch64-2.36.1-h02ad14f_2.tar.bz2#3ca1a8e406eab04ffc3bfa6e8ac0a724
https://conda.anaconda.org/conda-forge/linux-aarch64/libgomp-11.2.0-hf1cc4e7_12.tar.bz2#a3abd5f12d1924da46051081e51c081b
https://conda.anaconda.org/conda-forge/linux-aarch64/libstdcxx-ng-11.2.0-h0d0a5bb_12.tar.bz2#d70ff7375c4c8932b97779c06cfc4773
https://conda.anaconda.org/conda-forge/linux-aarch64/_openmp_mutex-4.5-1_gnu.tar.bz2#d029b13a6c638f91c9db96a991ac56f0
https://conda.anaconda.org/conda-forge/linux-aarch64/libgcc-ng-11.2.0-hf1cc4e7_12.tar.bz2#ca39126cbeb9134518087c642abf26fc
https://conda.anaconda.org/conda-forge/linux-aarch64/c-ares-1.18.1-hf897c2e_0.tar.bz2#12c54b174dd7c6a9331e729d24c39515
https://conda.anaconda.org/conda-forge/linux-aarch64/icu-69.1-h3621d8e_0.tar.bz2#4a8a60ddf829b1406e607586e29d71c3
https://conda.anaconda.org/conda-forge/linux-aarch64/libev-4.33-h516909a_1.tar.bz2#9eac5901791494108c9b9ab85ca8aa93
https://conda.anaconda.org/conda-forge/linux-aarch64/libffi-3.4.2-h3557bc0_5.tar.bz2#dddd85f4d52121fab0a8b099c5e06501
https://conda.anaconda.org/conda-forge/linux-aarch64/libnsl-2.0.0-hf897c2e_0.tar.bz2#36fdbc05c9d9145ece86f5a63c3f352e
https://conda.anaconda.org/conda-forge/linux-aarch64/libsodium-1.0.18-hb9de7d4_1.tar.bz2#d09ab3c60eebb6f14eb4d07e172775cc
https://conda.anaconda.org/conda-forge/linux-aarch64/libuv-1.43.0-hf897c2e_0.tar.bz2#f8e543935ccfde37976b6d4d6bac5209
https://conda.anaconda.org/conda-forge/linux-aarch64/libzlib-1.2.11-hb9de7d4_1013.tar.bz2#8da01d8d112058433902f24c753f5190
https://conda.anaconda.org/conda-forge/linux-aarch64/ncurses-6.3-h01db608_0.tar.bz2#c791f8ce7e66da3e5ccd22470ada6ccf
https://conda.anaconda.org/conda-forge/linux-aarch64/openssl-1.1.1l-hf897c2e_0.tar.bz2#c63d90652f46d4b1c1b9da23716ed4a7
https://conda.anaconda.org/conda-forge/linux-aarch64/xz-5.2.5-h6dd45c4_1.tar.bz2#9da6f161d0f47f8a29fa708cda8deda2
https://conda.anaconda.org/conda-forge/linux-aarch64/libedit-3.1.20191231-he28a2e2_2.tar.bz2#29371161d77933a54fccf1bb66b96529
https://conda.anaconda.org/conda-forge/linux-aarch64/readline-8.1-h1a49cc3_0.tar.bz2#ccd3c3e1bde615ec934282f3481a1ede
https://conda.anaconda.org/conda-forge/linux-aarch64/zeromq-4.3.4-h01db608_1.tar.bz2#dd56c9ce3f1f689a5e71941830349279
https://conda.anaconda.org/conda-forge/linux-aarch64/zlib-1.2.11-hb9de7d4_1013.tar.bz2#7528dd959ebfdf9b73e3ffa79356e114
https://conda.anaconda.org/conda-forge/linux-aarch64/libnghttp2-1.46.0-h097699d_0.tar.bz2#dda93e153833071204e17ee4911edccc
https://conda.anaconda.org/conda-forge/linux-aarch64/libssh2-1.10.0-h1ab2c7b_2.tar.bz2#91b9f2d8cfd9a3d9341bca8800a8f463
https://conda.anaconda.org/conda-forge/linux-aarch64/nodejs-14.18.3-h9e2e14b_2.tar.bz2#6e8f8219db93d9a19239e2fcef5aa1d9
https://conda.anaconda.org/conda-forge/linux-aarch64/sqlite-3.37.0-hc164836_0.tar.bz2#81077a2ca51dfd8183f842e5b337e62a
https://conda.anaconda.org/conda-forge/linux-aarch64/tk-8.6.11-hd8af866_1.tar.bz2#cc8cda6010e7f6ba67ed22079781ffe7
https://conda.anaconda.org/conda-forge/linux-aarch64/krb5-1.19.2-h4f20351_2.tar.bz2#4b553ede9fe44be7ee4b80c3aad67f51
https://conda.anaconda.org/conda-forge/linux-aarch64/python-3.8.12-h9f07fca_2_cpython.tar.bz2#bc7ed8d73254b0a7fb66c63949a10fae
https://conda.anaconda.org/conda-forge/noarch/async_generator-1.10-py_0.tar.bz2#d56c596e61b1c4952acf0a9920856c12
https://conda.anaconda.org/conda-forge/noarch/attrs-21.4.0-pyhd8ed1ab_0.tar.bz2#f70280205d7044c8b8358c8de3190e5d
https://conda.anaconda.org/conda-forge/noarch/backcall-0.2.0-pyh9f0ad1d_0.tar.bz2#6006a6d08a3fa99268a2681c7fb55213
https://conda.anaconda.org/conda-forge/noarch/backports-1.0-py_2.tar.bz2#0da16b293affa6ac31812376f8eb79dd
https://conda.anaconda.org/conda-forge/noarch/blinker-1.4-py_1.tar.bz2#fa509a09190583f869ae442bf4d17f5f
https://conda.anaconda.org/conda-forge/noarch/charset-normalizer-2.0.10-pyhd8ed1ab_0.tar.bz2#ea77236c8031cfa821720b21b4cb0ceb
https://conda.anaconda.org/conda-forge/noarch/dataclasses-0.8-pyhc8e2a94_3.tar.bz2#a362b2124b06aad102e2ee4581acee7d
https://conda.anaconda.org/conda-forge/noarch/decorator-5.1.1-pyhd8ed1ab_0.tar.bz2#43afe5ab04e35e17ba28649471dd7364
https://conda.anaconda.org/conda-forge/noarch/defusedxml-0.7.1-pyhd8ed1ab_0.tar.bz2#961b3a227b437d82ad7054484cfa71b2
https://conda.anaconda.org/conda-forge/noarch/entrypoints-0.3-pyhd8ed1ab_1003.tar.bz2#bbf9a201f6ce99a506f4955374d9a9f4
https://conda.anaconda.org/conda-forge/noarch/executing-0.8.2-pyhd8ed1ab_0.tar.bz2#dcd884e2cf5bcdccdf78f7db35999d62
https://conda.anaconda.org/conda-forge/noarch/flit-core-3.6.0-pyhd8ed1ab_0.tar.bz2#f8c17f22a3ce533876c468157ff8ff8f
https://conda.anaconda.org/conda-forge/noarch/idna-3.3-pyhd8ed1ab_0.tar.bz2#40b50b8b030f5f2f22085c062ed013dd
https://conda.anaconda.org/conda-forge/noarch/ipython_genutils-0.2.0-py_1.tar.bz2#5071c982548b3a20caf70462f04f5287
https://conda.anaconda.org/conda-forge/noarch/json5-0.9.5-pyh9f0ad1d_0.tar.bz2#10759827a94e6b14996e81fb002c0bda
https://conda.anaconda.org/conda-forge/noarch/jupyterlab_widgets-1.0.2-pyhd8ed1ab_0.tar.bz2#eaff56fe28d1236076aa3bb13c35b434
https://conda.anaconda.org/conda-forge/linux-aarch64/libcurl-7.81.0-hcafe9da_0.tar.bz2#82c3a2999a2a7fc9b8cb8477d98fe7f5
https://conda.anaconda.org/conda-forge/noarch/nest-asyncio-1.5.4-pyhd8ed1ab_0.tar.bz2#0d86e4e6ac78912f3f47e0453b124aca
https://conda.anaconda.org/conda-forge/noarch/pamela-1.0.0-py_0.tar.bz2#36f6f18d2f3ae0c93d77a9dbedad08c3
https://conda.anaconda.org/conda-forge/noarch/pandocfilters-1.5.0-pyhd8ed1ab_0.tar.bz2#457c2c8c08e54905d6954e79cb5b5db9
https://conda.anaconda.org/conda-forge/noarch/parso-0.8.3-pyhd8ed1ab_0.tar.bz2#17a565a0c3899244e938cdf417e7b094
https://conda.anaconda.org/conda-forge/noarch/pathspec-0.9.0-pyhd8ed1ab_0.tar.bz2#f93dc0ccbc0a8472624165f6e256c7d1
https://conda.anaconda.org/conda-forge/noarch/pickleshare-0.7.5-py_1003.tar.bz2#415f0ebb6198cc2801c73438a9fb5761
https://conda.anaconda.org/conda-forge/noarch/platformdirs-2.3.0-pyhd8ed1ab_0.tar.bz2#7bc119135be2a43e1701432399d8c28a
https://conda.anaconda.org/conda-forge/noarch/prometheus_client-0.13.0-pyhd8ed1ab_0.tar.bz2#f5567b5e7a5abc9133f198b8356674d1
https://conda.anaconda.org/conda-forge/noarch/ptyprocess-0.7.0-pyhd3deb0d_0.tar.bz2#359eeb6536da0e687af562ed265ec263
https://conda.anaconda.org/conda-forge/noarch/pure_eval-0.2.2-pyhd8ed1ab_0.tar.bz2#6784285c7e55cb7212efabc79e4c2883
https://conda.anaconda.org/conda-forge/noarch/pycparser-2.21-pyhd8ed1ab_0.tar.bz2#076becd9e05608f8dc72757d5f3a91ff
https://conda.anaconda.org/conda-forge/noarch/pyjwt-2.3.0-pyhd8ed1ab_1.tar.bz2#b7bc0de380f114658af5fe57cebdcd9e
https://conda.anaconda.org/conda-forge/noarch/pyparsing-3.0.7-pyhd8ed1ab_0.tar.bz2#727e2216d9c47455d8ddc060eb2caad9
https://conda.anaconda.org/conda-forge/noarch/python-json-logger-2.0.1-pyh9f0ad1d_0.tar.bz2#aed452f2f9f8bc8b2b0c412975051b5b
https://conda.anaconda.org/conda-forge/linux-aarch64/python_abi-3.8-2_cp38.tar.bz2#d08da6bae0854bf740b1cacdc4aebc78
https://conda.anaconda.org/conda-forge/noarch/pytz-2021.3-pyhd8ed1ab_0.tar.bz2#7e4f811bff46a5a6a7e0094921389395
https://conda.anaconda.org/conda-forge/noarch/send2trash-1.8.0-pyhd8ed1ab_0.tar.bz2#edab14119efe85c3bf131ad747e9005c
https://conda.anaconda.org/conda-forge/noarch/six-1.16.0-pyh6c4a22f_0.tar.bz2#e5f25f8dbc060e9a8d912e432202afc2
https://conda.anaconda.org/conda-forge/noarch/testpath-0.5.0-pyhd8ed1ab_0.tar.bz2#53b57d6a468bebc7cef1253b177a5e9e
https://conda.anaconda.org/conda-forge/noarch/tomli-1.2.2-pyhd8ed1ab_0.tar.bz2#1c8a2f9ea18c267414e244cee668cd00
https://conda.anaconda.org/conda-forge/noarch/traitlets-5.1.1-pyhd8ed1ab_0.tar.bz2#a1bc9765ef9499760e88f568b3a6622c
https://conda.anaconda.org/conda-forge/noarch/typing_extensions-4.0.1-pyha770c72_0.tar.bz2#1fc03816925d3cb7fdab9ab234e7fea7
https://conda.anaconda.org/conda-forge/noarch/webencodings-0.5.1-py_1.tar.bz2#3563be4c5611a44210d9ba0c16113136
https://conda.anaconda.org/conda-forge/noarch/websocket-client-1.2.3-pyhd8ed1ab_0.tar.bz2#a9e89668df0da0f33c8c4ddf7c118f6d
https://conda.anaconda.org/conda-forge/noarch/wheel-0.37.1-pyhd8ed1ab_0.tar.bz2#1ca02aaf78d9c70d9a81a3bed5752022
https://conda.anaconda.org/conda-forge/noarch/zipp-3.7.0-pyhd8ed1ab_0.tar.bz2#947f7f41958eabc0f6e886557512bb76
https://conda.anaconda.org/conda-forge/noarch/asttokens-2.0.5-pyhd8ed1ab_0.tar.bz2#74badce16f060701fee55c39332f5253
https://conda.anaconda.org/conda-forge/noarch/babel-2.9.1-pyh44b312d_0.tar.bz2#74136ed39bfea0832d338df1e58d013e
https://conda.anaconda.org/conda-forge/linux-aarch64/certifi-2021.10.8-py38h2063c64_1.tar.bz2#6b255d1f907ebd1ddfca415e4b2dc26f
https://conda.anaconda.org/conda-forge/linux-aarch64/cffi-1.15.0-py38hc42474b_0.tar.bz2#518e5e505fcd02e078a7247eedcf35fe
https://conda.anaconda.org/conda-forge/linux-aarch64/click-8.0.3-py38h2063c64_1.tar.bz2#56ab2d4c6c13333c4e5aa6890a5fbd6d
https://conda.anaconda.org/conda-forge/linux-aarch64/debugpy-1.5.1-py38h0119ad3_0.tar.bz2#886a492a70d75613016fa28a6ee12ba9
https://conda.anaconda.org/conda-forge/linux-aarch64/greenlet-1.1.2-py38h0119ad3_1.tar.bz2#46c32376af1ddb0adc98a44fb320762d
https://conda.anaconda.org/conda-forge/linux-aarch64/importlib-metadata-4.10.1-py38h2063c64_0.tar.bz2#a95fca959e6522aeb0aeb7e6afac2714
https://conda.anaconda.org/conda-forge/noarch/importlib_resources-5.4.0-pyhd8ed1ab_0.tar.bz2#9fb134dbabe7851a9d71411064b2c30d
https://conda.anaconda.org/conda-forge/linux-aarch64/jedi-0.18.1-py38h2063c64_0.tar.bz2#39a66f2e6fdc35875839254daac24d3f
https://conda.anaconda.org/conda-forge/linux-aarch64/jupyter_core-4.9.1-py38he3eb160_1.tar.bz2#8a50bda407113b1a9d6f5ddafcbc9838
https://conda.anaconda.org/conda-forge/linux-aarch64/markupsafe-2.0.1-py38h9544abe_1.tar.bz2#a490d7869a9201428f9e7fcf449f270d
https://conda.anaconda.org/conda-forge/noarch/matplotlib-inline-0.1.3-pyhd8ed1ab_0.tar.bz2#be3bfd435802d2c768c6b2439f325f3d
https://conda.anaconda.org/conda-forge/linux-aarch64/mistune-0.8.4-py38h9544abe_1005.tar.bz2#dccbe7c65f9eb4efc9110d7f28bcfc98
https://conda.anaconda.org/conda-forge/linux-aarch64/mypy_extensions-0.4.3-py38h2063c64_4.tar.bz2#563a1567405ffa888d79a0d1332e0817
https://conda.anaconda.org/conda-forge/noarch/packaging-21.3-pyhd8ed1ab_0.tar.bz2#71f1ab2de48613876becddd496371c85
https://conda.anaconda.org/conda-forge/noarch/pexpect-4.8.0-pyh9f0ad1d_2.tar.bz2#5909e7b978141dd80d28dbf9de627827
https://conda.anaconda.org/conda-forge/linux-aarch64/psutil-5.9.0-py38h9544abe_0.tar.bz2#807bbf97e2f67bc5db94489afb4129b1
https://conda.anaconda.org/conda-forge/linux-aarch64/pycurl-7.44.1-py38h374f19c_1.tar.bz2#b00110b0518b52c21ab9b3eafdba1b77
https://conda.anaconda.org/conda-forge/linux-aarch64/pyrsistent-0.18.1-py38h9544abe_0.tar.bz2#acffdfdaac9de9fbaccc8ecc6f17de83
https://conda.anaconda.org/conda-forge/linux-aarch64/pysocks-1.7.1-py38h2063c64_4.tar.bz2#05f47e43f535cbef4de36a517935de25
https://conda.anaconda.org/conda-forge/noarch/python-dateutil-2.8.2-pyhd8ed1ab_0.tar.bz2#dd999d1cc9f79e67dbb855c8924c7984
https://conda.anaconda.org/conda-forge/linux-aarch64/pyzmq-22.3.0-py38he58ed56_1.tar.bz2#d56bcfab9a2730c26955ed81b216faf6
https://conda.anaconda.org/conda-forge/linux-aarch64/ruamel.yaml.clib-0.2.6-py38he362374_0.tar.bz2#1cf73f6b87445edae5e39e2c18db96ed
https://conda.anaconda.org/conda-forge/linux-aarch64/setuptools-60.5.0-py38h2063c64_0.tar.bz2#619bc9334ecf2d07656e8bd1021da9b1
https://conda.anaconda.org/conda-forge/linux-aarch64/sniffio-1.2.0-py38h2063c64_2.tar.bz2#97aebc7ba98487b3bd0d16f398f31a07
https://conda.anaconda.org/conda-forge/linux-aarch64/tornado-6.1-py38h9544abe_2.tar.bz2#4602d80ef7452b1469b29b0b52bc4c28
https://conda.anaconda.org/conda-forge/linux-aarch64/typed-ast-1.5.2-py38h9544abe_0.tar.bz2#84dbb62497f615345450277a33cbea75
https://conda.anaconda.org/conda-forge/linux-aarch64/anyio-3.5.0-py38h2063c64_0.tar.bz2#70d5da83286bb29b57dc0fbf8dd77fb4
https://conda.anaconda.org/conda-forge/linux-aarch64/argon2-cffi-bindings-21.2.0-py38h9544abe_1.tar.bz2#63764b985badacd98c4750b463fcb629
https://conda.anaconda.org/conda-forge/noarch/backports.functools_lru_cache-1.6.4-pyhd8ed1ab_0.tar.bz2#c5b3edc62d6309088f4970b3eaaa65a6
https://conda.anaconda.org/conda-forge/noarch/black-21.12b0-pyhd8ed1ab_0.tar.bz2#a027de51692086f51b9e17735480bebf
https://conda.anaconda.org/conda-forge/noarch/bleach-4.1.0-pyhd8ed1ab_0.tar.bz2#4a2104c7b22c222bd0fe03aaef12862c
https://conda.anaconda.org/conda-forge/linux-aarch64/brotlipy-0.7.0-py38h9544abe_1003.tar.bz2#4e71c6badb92c86ba1f796c2c274e481
https://conda.anaconda.org/conda-forge/linux-aarch64/cryptography-36.0.1-py38h1376e7f_0.tar.bz2#6cd9bc88d614f87d2d4dd78c9819803f
https://conda.anaconda.org/conda-forge/noarch/jinja2-3.0.3-pyhd8ed1ab_0.tar.bz2#036d872c653780cb26e797e2e2f61b4c
https://conda.anaconda.org/conda-forge/noarch/jsonschema-4.4.0-pyhd8ed1ab_0.tar.bz2#17ec41acce882e5db4efdcc4c01ca7e0
https://conda.anaconda.org/conda-forge/noarch/jupyter_client-7.1.2-pyhd8ed1ab_0.tar.bz2#9a332b6f8f05629435ce59032df8cfa9
https://conda.anaconda.org/conda-forge/noarch/mako-1.1.6-pyhd8ed1ab_0.tar.bz2#cb952a55037148f6a5ddd9770ee1384f
https://conda.anaconda.org/conda-forge/noarch/pip-21.3.1-pyhd8ed1ab_0.tar.bz2#e4fe2a9af78ff11f1aced7e62128c6a8
https://conda.anaconda.org/conda-forge/noarch/pygments-2.11.2-pyhd8ed1ab_0.tar.bz2#caef60540e2239e27bf62569a5015e3b
https://conda.anaconda.org/conda-forge/linux-aarch64/ruamel.yaml-0.17.19-py38he362374_0.tar.bz2#e3f5be6264c5c83d47731f4e550a329c
https://conda.anaconda.org/conda-forge/linux-aarch64/sqlalchemy-1.4.31-py38h9544abe_0.tar.bz2#4806c16e686f939e494b6f0e2d9aa727
https://conda.anaconda.org/conda-forge/noarch/stack_data-0.1.4-pyhd8ed1ab_0.tar.bz2#e68dcab1b415c3c44be2a51d7d41e921
https://conda.anaconda.org/conda-forge/linux-aarch64/terminado-0.12.1-py38h2063c64_1.tar.bz2#4f5bcb4bf759e3f5b5d6d76164604655
https://conda.anaconda.org/conda-forge/noarch/alembic-1.7.5-pyhd8ed1ab_0.tar.bz2#1102908123392ffc63c01caea136b1d4
https://conda.anaconda.org/conda-forge/noarch/argon2-cffi-21.3.0-pyhd8ed1ab_0.tar.bz2#a0b402db58f73aaab8ee0ca1025a362e
https://conda.anaconda.org/conda-forge/noarch/jupyter_telemetry-0.1.0-pyhd8ed1ab_1.tar.bz2#bb9ebdb6d5aa2622484aff1faceee181
https://conda.anaconda.org/conda-forge/noarch/jupyterlab_pygments-0.1.2-pyh9f0ad1d_0.tar.bz2#2cbd910890bb328e8959246a1e16fac7
https://conda.anaconda.org/conda-forge/noarch/nbformat-5.1.3-pyhd8ed1ab_0.tar.bz2#bafa5df6d4f8db69a4d197b4657127e7
https://conda.anaconda.org/conda-forge/noarch/oauthlib-3.1.1-pyhd8ed1ab_0.tar.bz2#34bb0b023e083aa8a4af74311031a352
https://conda.anaconda.org/conda-forge/noarch/pyopenssl-21.0.0-pyhd8ed1ab_0.tar.bz2#8c49efecb7dca466e18b06015e8c88ce
https://conda.anaconda.org/conda-forge/noarch/wcwidth-0.2.5-pyh9f0ad1d_2.tar.bz2#5266fcd697043c59621fda522b3d78ee
https://conda.anaconda.org/conda-forge/noarch/certipy-0.1.3-py_0.tar.bz2#23486713ef5712923e7c57cae609b22e
https://conda.anaconda.org/conda-forge/noarch/nbclient-0.5.10-pyhd8ed1ab_1.tar.bz2#000cfe33d6fa746c5a9d1b29a79342a3
https://conda.anaconda.org/conda-forge/noarch/prompt-toolkit-3.0.24-pyha770c72_0.tar.bz2#edaf527a6d394e2b965aff228c2e552f
https://conda.anaconda.org/conda-forge/noarch/urllib3-1.26.8-pyhd8ed1ab_1.tar.bz2#53f1387c68c21cecb386e2cde51b3f7c
https://conda.anaconda.org/conda-forge/linux-aarch64/ipython-8.0.1-py38he3eb160_0.tar.bz2#ee681c7586ea7701d3f48a69dbd81cf9
https://conda.anaconda.org/conda-forge/linux-aarch64/nbconvert-6.0.7-py38h2063c64_3.tar.bz2#c10efd167ccecb54823239de328b77fa
https://conda.anaconda.org/conda-forge/noarch/requests-2.27.1-pyhd8ed1ab_0.tar.bz2#7c1c427246b057b8fa97200ecdb2ed62
https://conda.anaconda.org/conda-forge/linux-aarch64/ipykernel-6.7.0-py38h82e0a02_0.tar.bz2#de017fb75505f5f011fe0ae454ba1756
https://conda.anaconda.org/conda-forge/noarch/jupyter_server-1.13.4-pyhd8ed1ab_0.tar.bz2#70c6e1f755731d858767cb3c08c56a95
https://conda.anaconda.org/conda-forge/linux-aarch64/jupyterhub-base-1.4.2-py38h2063c64_0.tar.bz2#f945978e37ae3e14a568b648d4fcc495
https://conda.anaconda.org/conda-forge/noarch/jupyter-resource-usage-0.6.1-pyhd8ed1ab_0.tar.bz2#a35cb988cd5b9b9b2d1c6179a8a86974
https://conda.anaconda.org/conda-forge/noarch/jupyterlab_server-2.10.3-pyhd8ed1ab_0.tar.bz2#65d62a616bed5237b85b9e2a88378ec0
https://conda.anaconda.org/conda-forge/noarch/notebook-6.3.0-pyha770c72_1.tar.bz2#6a53111a5a62d32abfa21aac8fc55a1b
https://conda.anaconda.org/conda-forge/noarch/jupyter-offlinenotebook-0.2.2-pyh1d7be83_0.tar.bz2#fe55056ce4bc4bd4953ba440270735fb
https://conda.anaconda.org/conda-forge/linux-aarch64/jupyterhub-singleuser-1.4.2-py38h2063c64_0.tar.bz2#ea1cd3a4c1ddc2a3547c08a48f8a44b2
https://conda.anaconda.org/conda-forge/noarch/nbclassic-0.3.5-pyhd8ed1ab_0.tar.bz2#e9e2281b7dc08d876fc789af0f571ade
https://conda.anaconda.org/conda-forge/noarch/nteract_on_jupyter-2.1.3-py_0.tar.bz2#1430ccd983ae6b161e2fbf4377965f7a
https://conda.anaconda.org/conda-forge/linux-aarch64/widgetsnbextension-3.5.2-py38he3eb160_1.tar.bz2#d3efeecd1211067fe75f3a7efd8f90da
https://conda.anaconda.org/conda-forge/noarch/ipywidgets-7.6.5-pyhd8ed1ab_0.tar.bz2#6f2ee1ec157104df141e2e5afeba98d4
https://conda.anaconda.org/conda-forge/noarch/jupyterlab-3.2.8-pyhd8ed1ab_0.tar.bz2#e2cc0671571f14af58f832c912dee025
